
Microsoft Visual Studio Solution File, Format Version 12.00
# Visual Studio Version 16
VisualStudioVersion = 16.0.810.19
MinimumVisualStudioVersion = 10.0.40219.1
Project("{FAE04EC0-301F-11D3-BF4B-00C04F79EFBC}") = "NetBank.Api", "NetBank.Api.csproj", "{9F6C156E-227D-4812-A060-50250A5F3C03}"
EndProject
Global
	GlobalSection(SolutionConfigurationPlatforms) = preSolution
		Debug|Any CPU = Debug|Any CPU
		Release|Any CPU = Release|Any CPU
	EndGlobalSection
	GlobalSection(ProjectConfigurationPlatforms) = postSolution
		{9F6C156E-227D-4812-A060-50250A5F3C03}.Debug|Any CPU.ActiveCfg = Debug|Any CPU
		{9F6C156E-227D-4812-A060-50250A5F3C03}.Debug|Any CPU.Build.0 = Debug|Any CPU
		{9F6C156E-227D-4812-A060-50250A5F3C03}.Release|Any CPU.ActiveCfg = Release|Any CPU
		{9F6C156E-227D-4812-A060-50250A5F3C03}.Release|Any CPU.Build.0 = Release|Any CPU
	EndGlobalSection
	GlobalSection(SolutionProperties) = preSolution
		HideSolutionNode = FALSE
	EndGlobalSection
	GlobalSection(ExtensibilityGlobals) = postSolution
		SolutionGuid = {E5FB3B18-31E7-4001-A8AE-336030D6F784}
	EndGlobalSection
EndGlobal
