
Microsoft Visual Studio Solution File, Format Version 12.00
# Visual Studio Version 17
VisualStudioVersion = 17.3.32929.385
MinimumVisualStudioVersion = 10.0.40219.1
Project("{FAE04EC0-301F-11D3-BF4B-00C04F79EFBC}") = "NetBank.Api", "NetBank.Api.csproj", "{2214D5A5-F636-4B14-B0D0-022C91E8CBA3}"
EndProject
Global
	GlobalSection(SolutionConfigurationPlatforms) = preSolution
		Debug|Any CPU = Debug|Any CPU
		Release|Any CPU = Release|Any CPU
	EndGlobalSection
	GlobalSection(ProjectConfigurationPlatforms) = postSolution
		{2214D5A5-F636-4B14-B0D0-022C91E8CBA3}.Debug|Any CPU.ActiveCfg = Debug|Any CPU
		{2214D5A5-F636-4B14-B0D0-022C91E8CBA3}.Debug|Any CPU.Build.0 = Debug|Any CPU
		{2214D5A5-F636-4B14-B0D0-022C91E8CBA3}.Release|Any CPU.ActiveCfg = Release|Any CPU
		{2214D5A5-F636-4B14-B0D0-022C91E8CBA3}.Release|Any CPU.Build.0 = Release|Any CPU
	EndGlobalSection
	GlobalSection(SolutionProperties) = preSolution
		HideSolutionNode = FALSE
	EndGlobalSection
	GlobalSection(ExtensibilityGlobals) = postSolution
		SolutionGuid = {C6C43066-7A64-42D1-BA44-F9E2556E44E0}
	EndGlobalSection
EndGlobal
