
Microsoft Visual Studio Solution File, Format Version 12.00
# Visual Studio Version 17
VisualStudioVersion = 17.4.33403.182
MinimumVisualStudioVersion = 10.0.40219.1
Project("{FAE04EC0-301F-11D3-BF4B-00C04F79EFBC}") = "CorrectedStringCompressANCORMAR", "CorrectedStringCompressANCORMAR.csproj", "{2BD1F06D-6F8B-4510-82B4-443A4F5334FB}"
EndProject
Global
	GlobalSection(SolutionConfigurationPlatforms) = preSolution
		Debug|Any CPU = Debug|Any CPU
		Release|Any CPU = Release|Any CPU
	EndGlobalSection
	GlobalSection(ProjectConfigurationPlatforms) = postSolution
		{2BD1F06D-6F8B-4510-82B4-443A4F5334FB}.Debug|Any CPU.ActiveCfg = Debug|Any CPU
		{2BD1F06D-6F8B-4510-82B4-443A4F5334FB}.Debug|Any CPU.Build.0 = Debug|Any CPU
		{2BD1F06D-6F8B-4510-82B4-443A4F5334FB}.Release|Any CPU.ActiveCfg = Release|Any CPU
		{2BD1F06D-6F8B-4510-82B4-443A4F5334FB}.Release|Any CPU.Build.0 = Release|Any CPU
	EndGlobalSection
	GlobalSection(SolutionProperties) = preSolution
		HideSolutionNode = FALSE
	EndGlobalSection
	GlobalSection(ExtensibilityGlobals) = postSolution
		SolutionGuid = {04BC4E0D-4103-497E-9093-FA3F3D17EB22}
	EndGlobalSection
EndGlobal
