
Microsoft Visual Studio Solution File, Format Version 12.00
# Visual Studio Version 17
VisualStudioVersion = 17.3.32929.385
MinimumVisualStudioVersion = 10.0.40219.1
Project("{9A19103F-16F7-4668-BE54-9A1E7A4F7556}") = "CSV2JSON", "CSV2JSON.csproj", "{7B833BA3-BE51-4504-B23F-091923A1E47D}"
EndProject
Global
	GlobalSection(SolutionConfigurationPlatforms) = preSolution
		Debug|Any CPU = Debug|Any CPU
		Release|Any CPU = Release|Any CPU
	EndGlobalSection
	GlobalSection(ProjectConfigurationPlatforms) = postSolution
		{7B833BA3-BE51-4504-B23F-091923A1E47D}.Debug|Any CPU.ActiveCfg = Debug|Any CPU
		{7B833BA3-BE51-4504-B23F-091923A1E47D}.Debug|Any CPU.Build.0 = Debug|Any CPU
		{7B833BA3-BE51-4504-B23F-091923A1E47D}.Release|Any CPU.ActiveCfg = Release|Any CPU
		{7B833BA3-BE51-4504-B23F-091923A1E47D}.Release|Any CPU.Build.0 = Release|Any CPU
	EndGlobalSection
	GlobalSection(SolutionProperties) = preSolution
		HideSolutionNode = FALSE
	EndGlobalSection
	GlobalSection(ExtensibilityGlobals) = postSolution
		SolutionGuid = {52AA3103-EBE0-4C4B-A7A4-68F8558D3EBC}
	EndGlobalSection
EndGlobal
