
Microsoft Visual Studio Solution File, Format Version 12.00
# Visual Studio Version 17
VisualStudioVersion = 17.2.32519.379
MinimumVisualStudioVersion = 10.0.40219.1
Project("{FAE04EC0-301F-11D3-BF4B-00C04F79EFBC}") = "CreditBank.Api", "CreditBank.Api\CreditBank.Api.csproj", "{04226EC6-3975-4F6C-A043-BD04B6C86F8E}"
EndProject
Global
	GlobalSection(SolutionConfigurationPlatforms) = preSolution
		Debug|Any CPU = Debug|Any CPU
		Release|Any CPU = Release|Any CPU
	EndGlobalSection
	GlobalSection(ProjectConfigurationPlatforms) = postSolution
		{04226EC6-3975-4F6C-A043-BD04B6C86F8E}.Debug|Any CPU.ActiveCfg = Debug|Any CPU
		{04226EC6-3975-4F6C-A043-BD04B6C86F8E}.Debug|Any CPU.Build.0 = Debug|Any CPU
		{04226EC6-3975-4F6C-A043-BD04B6C86F8E}.Release|Any CPU.ActiveCfg = Release|Any CPU
		{04226EC6-3975-4F6C-A043-BD04B6C86F8E}.Release|Any CPU.Build.0 = Release|Any CPU
	EndGlobalSection
	GlobalSection(SolutionProperties) = preSolution
		HideSolutionNode = FALSE
	EndGlobalSection
	GlobalSection(ExtensibilityGlobals) = postSolution
		SolutionGuid = {F74727F4-6465-48BE-B956-F7C80BED119F}
	EndGlobalSection
EndGlobal
