
Microsoft Visual Studio Solution File, Format Version 12.00
# Visual Studio Version 16
VisualStudioVersion = 16.0.810.11
MinimumVisualStudioVersion = 10.0.40219.1
<<<<<<< Updated upstream
Project("{FAE04EC0-301F-11D3-BF4B-00C04F79EFBC}") = "PrintMultiples", "PrintMultiples.csproj", "{47E6F930-7B6E-4CA4-8388-818063EF8C1C}"
=======
Project("{FAE04EC0-301F-11D3-BF4B-00C04F79EFBC}") = "PrintMultiples", "PrintMultiples.csproj", "{FEDDEF2C-F813-415A-B574-0AD2CFD68379}"

EndProject
Global
	GlobalSection(SolutionConfigurationPlatforms) = preSolution
		Debug|Any CPU = Debug|Any CPU
		Release|Any CPU = Release|Any CPU
	EndGlobalSection

		{47E6F930-7B6E-4CA4-8388-818063EF8C1C}.Debug|Any CPU.ActiveCfg = Debug|Any CPU
		{47E6F930-7B6E-4CA4-8388-818063EF8C1C}.Debug|Any CPU.Build.0 = Debug|Any CPU
		{47E6F930-7B6E-4CA4-8388-818063EF8C1C}.Release|Any CPU.ActiveCfg = Release|Any CPU
		{47E6F930-7B6E-4CA4-8388-818063EF8C1C}.Release|Any CPU.Build.0 = Release|Any CPU

		{FEDDEF2C-F813-415A-B574-0AD2CFD68379}.Debug|Any CPU.ActiveCfg = Debug|Any CPU
		{FEDDEF2C-F813-415A-B574-0AD2CFD68379}.Debug|Any CPU.Build.0 = Debug|Any CPU
		{FEDDEF2C-F813-415A-B574-0AD2CFD68379}.Release|Any CPU.ActiveCfg = Release|Any CPU
		{FEDDEF2C-F813-415A-B574-0AD2CFD68379}.Release|Any CPU.Build.0 = Release|Any CPU
>>>>>>> Stashed changes
	EndGlobalSection
	GlobalSection(SolutionProperties) = preSolution
		HideSolutionNode = FALSE
	EndGlobalSection
	GlobalSection(ExtensibilityGlobals) = postSolution
<<<<<<< Updated upstream
		SolutionGuid = {43837842-3A35-483F-AC32-132CE5234629}
=======
		SolutionGuid = {1D74334D-E6CE-4441-A8FA-319B26BD2B86}
>>>>>>> Stashed changes
	EndGlobalSection
EndGlobal
=======
﻿
Microsoft Visual Studio Solution File, Format Version 12.00
# Visual Studio Version 17
VisualStudioVersion = 17.2.32630.192
MinimumVisualStudioVersion = 10.0.40219.1
Project("{9A19103F-16F7-4668-BE54-9A1E7A4F7556}") = "PrintMultiples", "PrintMultiples.csproj", "{2D65C1D9-5003-4C66-8DFC-E90712E2CE67}"
EndProject
Global
	GlobalSection(SolutionConfigurationPlatforms) = preSolution
		Debug|Any CPU = Debug|Any CPU
		Release|Any CPU = Release|Any CPU
	EndGlobalSection
	GlobalSection(ProjectConfigurationPlatforms) = postSolution
		{2D65C1D9-5003-4C66-8DFC-E90712E2CE67}.Debug|Any CPU.ActiveCfg = Debug|Any CPU
		{2D65C1D9-5003-4C66-8DFC-E90712E2CE67}.Debug|Any CPU.Build.0 = Debug|Any CPU
		{2D65C1D9-5003-4C66-8DFC-E90712E2CE67}.Release|Any CPU.ActiveCfg = Release|Any CPU
		{2D65C1D9-5003-4C66-8DFC-E90712E2CE67}.Release|Any CPU.Build.0 = Release|Any CPU
	EndGlobalSection
	GlobalSection(SolutionProperties) = preSolution
		HideSolutionNode = FALSE
	EndGlobalSection
	GlobalSection(ExtensibilityGlobals) = postSolution
		SolutionGuid = {67459327-4CA3-4162-8CB7-9FE9C3CA461B}
	EndGlobalSection
EndGlobal
>>>>>>> main
