
Microsoft Visual Studio Solution File, Format Version 12.00
# Visual Studio Version 17
VisualStudioVersion = 17.5.33530.505
MinimumVisualStudioVersion = 10.0.40219.1
Project("{9A19103F-16F7-4668-BE54-9A1E7A4F7556}") = "PeopleRest", "PeopleRest.csproj", "{2C8832C0-C1E8-4301-887F-13736E17DBAD}"
EndProject
Global
	GlobalSection(SolutionConfigurationPlatforms) = preSolution
		Debug|Any CPU = Debug|Any CPU
		Release|Any CPU = Release|Any CPU
	EndGlobalSection
	GlobalSection(ProjectConfigurationPlatforms) = postSolution
		{2C8832C0-C1E8-4301-887F-13736E17DBAD}.Debug|Any CPU.ActiveCfg = Debug|Any CPU
		{2C8832C0-C1E8-4301-887F-13736E17DBAD}.Debug|Any CPU.Build.0 = Debug|Any CPU
		{2C8832C0-C1E8-4301-887F-13736E17DBAD}.Release|Any CPU.ActiveCfg = Release|Any CPU
		{2C8832C0-C1E8-4301-887F-13736E17DBAD}.Release|Any CPU.Build.0 = Release|Any CPU
	EndGlobalSection
	GlobalSection(SolutionProperties) = preSolution
		HideSolutionNode = FALSE
	EndGlobalSection
	GlobalSection(ExtensibilityGlobals) = postSolution
		SolutionGuid = {9FE20429-E6EA-4E04-8ED8-CFD23F74A3DD}
	EndGlobalSection
EndGlobal
