
Microsoft Visual Studio Solution File, Format Version 12.00
# Visual Studio Version 16
VisualStudioVersion = 16.0.810.11
MinimumVisualStudioVersion = 10.0.40219.1
Project("{FAE04EC0-301F-11D3-BF4B-00C04F79EFBC}") = "StringCompress", "StringCompress.csproj", "{446F854C-A588-4BCC-9227-C89FB19EFAE4}"
EndProject
Global
	GlobalSection(SolutionConfigurationPlatforms) = preSolution
		Debug|Any CPU = Debug|Any CPU
		Release|Any CPU = Release|Any CPU
	EndGlobalSection
	GlobalSection(ProjectConfigurationPlatforms) = postSolution
		{446F854C-A588-4BCC-9227-C89FB19EFAE4}.Debug|Any CPU.ActiveCfg = Debug|Any CPU
		{446F854C-A588-4BCC-9227-C89FB19EFAE4}.Debug|Any CPU.Build.0 = Debug|Any CPU
		{446F854C-A588-4BCC-9227-C89FB19EFAE4}.Release|Any CPU.ActiveCfg = Release|Any CPU
		{446F854C-A588-4BCC-9227-C89FB19EFAE4}.Release|Any CPU.Build.0 = Release|Any CPU
	EndGlobalSection
	GlobalSection(SolutionProperties) = preSolution
		HideSolutionNode = FALSE
	EndGlobalSection
	GlobalSection(ExtensibilityGlobals) = postSolution
		SolutionGuid = {2D7FEFAC-A62A-4FAA-AF42-6CBE48BDDEC1}
	EndGlobalSection
EndGlobal
