
Microsoft Visual Studio Solution File, Format Version 12.00
# Visual Studio Version 17
VisualStudioVersion = 17.7.34024.191
MinimumVisualStudioVersion = 10.0.40219.1
Project("{FAE04EC0-301F-11D3-BF4B-00C04F79EFBC}") = "MoneyBankAPI", "MoneyBankAPI.csproj", "{34A9716C-2D6F-4EAE-A960-221D06A59ECB}"
EndProject
Global
	GlobalSection(SolutionConfigurationPlatforms) = preSolution
		Debug|Any CPU = Debug|Any CPU
		Release|Any CPU = Release|Any CPU
	EndGlobalSection
	GlobalSection(ProjectConfigurationPlatforms) = postSolution
		{34A9716C-2D6F-4EAE-A960-221D06A59ECB}.Debug|Any CPU.ActiveCfg = Debug|Any CPU
		{34A9716C-2D6F-4EAE-A960-221D06A59ECB}.Debug|Any CPU.Build.0 = Debug|Any CPU
		{34A9716C-2D6F-4EAE-A960-221D06A59ECB}.Release|Any CPU.ActiveCfg = Release|Any CPU
		{34A9716C-2D6F-4EAE-A960-221D06A59ECB}.Release|Any CPU.Build.0 = Release|Any CPU
	EndGlobalSection
	GlobalSection(SolutionProperties) = preSolution
		HideSolutionNode = FALSE
	EndGlobalSection
	GlobalSection(ExtensibilityGlobals) = postSolution
		SolutionGuid = {531CD4FF-E82F-4CEA-9679-2DC6CB1AA3F5}
	EndGlobalSection
EndGlobal
