
Microsoft Visual Studio Solution File, Format Version 12.00
# Visual Studio Version 17
VisualStudioVersion = 17.7.34024.191
MinimumVisualStudioVersion = 10.0.40219.1
Project("{FAE04EC0-301F-11D3-BF4B-00C04F79EFBC}") = "StudentsAPI", "StudentsAPI.csproj", "{736FCF89-D7F9-4EA6-B8A4-6919EE2A0E8B}"
EndProject
Global
	GlobalSection(SolutionConfigurationPlatforms) = preSolution
		Debug|Any CPU = Debug|Any CPU
		Release|Any CPU = Release|Any CPU
	EndGlobalSection
	GlobalSection(ProjectConfigurationPlatforms) = postSolution
		{736FCF89-D7F9-4EA6-B8A4-6919EE2A0E8B}.Debug|Any CPU.ActiveCfg = Debug|Any CPU
		{736FCF89-D7F9-4EA6-B8A4-6919EE2A0E8B}.Debug|Any CPU.Build.0 = Debug|Any CPU
		{736FCF89-D7F9-4EA6-B8A4-6919EE2A0E8B}.Release|Any CPU.ActiveCfg = Release|Any CPU
		{736FCF89-D7F9-4EA6-B8A4-6919EE2A0E8B}.Release|Any CPU.Build.0 = Release|Any CPU
	EndGlobalSection
	GlobalSection(SolutionProperties) = preSolution
		HideSolutionNode = FALSE
	EndGlobalSection
	GlobalSection(ExtensibilityGlobals) = postSolution
		SolutionGuid = {A6BACCD6-48DD-4AF7-BAA7-BB7DBC621303}
	EndGlobalSection
EndGlobal
