
Microsoft Visual Studio Solution File, Format Version 12.00
# Visual Studio Version 17
VisualStudioVersion = 17.5.33516.290
MinimumVisualStudioVersion = 10.0.40219.1
Project("{FAE04EC0-301F-11D3-BF4B-00C04F79EFBC}") = "StudentsAPI", "StudentsAPI.csproj", "{8D749516-9055-4C25-9993-E244B96AAE53}"
EndProject
Global
	GlobalSection(SolutionConfigurationPlatforms) = preSolution
		Debug|Any CPU = Debug|Any CPU
		Release|Any CPU = Release|Any CPU
	EndGlobalSection
	GlobalSection(ProjectConfigurationPlatforms) = postSolution
		{8D749516-9055-4C25-9993-E244B96AAE53}.Debug|Any CPU.ActiveCfg = Debug|Any CPU
		{8D749516-9055-4C25-9993-E244B96AAE53}.Debug|Any CPU.Build.0 = Debug|Any CPU
		{8D749516-9055-4C25-9993-E244B96AAE53}.Release|Any CPU.ActiveCfg = Release|Any CPU
		{8D749516-9055-4C25-9993-E244B96AAE53}.Release|Any CPU.Build.0 = Release|Any CPU
	EndGlobalSection
	GlobalSection(SolutionProperties) = preSolution
		HideSolutionNode = FALSE
	EndGlobalSection
	GlobalSection(ExtensibilityGlobals) = postSolution
		SolutionGuid = {A3ED667A-F4E1-4DB3-A6B0-3E2F8F28CA63}
	EndGlobalSection
EndGlobal
