
Microsoft Visual Studio Solution File, Format Version 12.00
# Visual Studio Version 17
VisualStudioVersion = 17.0.32126.317
MinimumVisualStudioVersion = 10.0.40219.1
Project("{FAE04EC0-301F-11D3-BF4B-00C04F79EFBC}") = "PrintPrimes", "PrintPrimes\PrintPrimes.csproj", "{DD7D27F8-2BEC-4782-ACF2-5AEF1A7C7AC2}"
EndProject
Global
	GlobalSection(SolutionConfigurationPlatforms) = preSolution
		Debug|Any CPU = Debug|Any CPU
		Release|Any CPU = Release|Any CPU
	EndGlobalSection
	GlobalSection(ProjectConfigurationPlatforms) = postSolution
		{DD7D27F8-2BEC-4782-ACF2-5AEF1A7C7AC2}.Debug|Any CPU.ActiveCfg = Debug|Any CPU
		{DD7D27F8-2BEC-4782-ACF2-5AEF1A7C7AC2}.Debug|Any CPU.Build.0 = Debug|Any CPU
		{DD7D27F8-2BEC-4782-ACF2-5AEF1A7C7AC2}.Release|Any CPU.ActiveCfg = Release|Any CPU
		{DD7D27F8-2BEC-4782-ACF2-5AEF1A7C7AC2}.Release|Any CPU.Build.0 = Release|Any CPU
	EndGlobalSection
	GlobalSection(SolutionProperties) = preSolution
		HideSolutionNode = FALSE
	EndGlobalSection
	GlobalSection(ExtensibilityGlobals) = postSolution
		SolutionGuid = {F1B3E37C-A356-4EF2-A6EB-9F17EDF9F957}
	EndGlobalSection
EndGlobal
